
Microsoft Visual Studio Solution File, Format Version 12.00
# Visual Studio Version 17
VisualStudioVersion = 17.14.36915.13 d17.14
MinimumVisualStudioVersion = 10.0.40219.1
Project("{54A90642-561A-4BB1-A94E-469ADEE60C69}") = "smartassessment.api.client", "smartassessment.api.client\smartassessment.api.client.esproj", "{59AC7436-9ED6-8AB7-8614-88B644FF00B3}"
EndProject
Project("{FAE04EC0-301F-11D3-BF4B-00C04F79EFBC}") = "SmartAssessment.API.Server", "SmartAssessment.API.Server\SmartAssessment.API.Server.csproj", "{F5FBAD75-D230-44E2-9018-7A751C5AEBB9}"
EndProject
Global
	GlobalSection(SolutionConfigurationPlatforms) = preSolution
		Debug|Any CPU = Debug|Any CPU
		Release|Any CPU = Release|Any CPU
	EndGlobalSection
	GlobalSection(ProjectConfigurationPlatforms) = postSolution
		{59AC7436-9ED6-8AB7-8614-88B644FF00B3}.Debug|Any CPU.ActiveCfg = Debug|Any CPU
		{59AC7436-9ED6-8AB7-8614-88B644FF00B3}.Debug|Any CPU.Build.0 = Debug|Any CPU
		{59AC7436-9ED6-8AB7-8614-88B644FF00B3}.Debug|Any CPU.Deploy.0 = Debug|Any CPU
		{59AC7436-9ED6-8AB7-8614-88B644FF00B3}.Release|Any CPU.ActiveCfg = Release|Any CPU
		{59AC7436-9ED6-8AB7-8614-88B644FF00B3}.Release|Any CPU.Build.0 = Release|Any CPU
		{59AC7436-9ED6-8AB7-8614-88B644FF00B3}.Release|Any CPU.Deploy.0 = Release|Any CPU
		{F5FBAD75-D230-44E2-9018-7A751C5AEBB9}.Debug|Any CPU.ActiveCfg = Debug|Any CPU
		{F5FBAD75-D230-44E2-9018-7A751C5AEBB9}.Debug|Any CPU.Build.0 = Debug|Any CPU
		{F5FBAD75-D230-44E2-9018-7A751C5AEBB9}.Release|Any CPU.ActiveCfg = Release|Any CPU
		{F5FBAD75-D230-44E2-9018-7A751C5AEBB9}.Release|Any CPU.Build.0 = Release|Any CPU
	EndGlobalSection
	GlobalSection(SolutionProperties) = preSolution
		HideSolutionNode = FALSE
	EndGlobalSection
	GlobalSection(ExtensibilityGlobals) = postSolution
		SolutionGuid = {6398759C-3B66-49F9-9ACA-DF31CA8A669E}
	EndGlobalSection
EndGlobal
